{
  "name": "ntbk",
  "version": "0.5.2",
  "lockfileVersion": 1,
  "dependencies": {
    "camelo": {
      "version": "1.1.7",
      "resolved": "https://registry.npmjs.org/camelo/-/camelo-1.1.7.tgz",
      "integrity": "sha1-Xmx4e94RIR9+gwB8P6HTjvxT76Q="
    },
    "co": {
      "version": "4.6.0",
      "resolved": "https://registry.npmjs.org/co/-/co-4.6.0.tgz",
      "integrity": "sha1-bqa989hTrlTMuOR7+gvz+QMfsYQ="
    },
    "co-prompt": {
      "version": "1.0.0",
      "resolved": "https://registry.npmjs.org/co-prompt/-/co-prompt-1.0.0.tgz",
      "integrity": "sha1-+zcOntrEhXayenMv5dfyHZ/G5vY="
    },
    "commander": {
      "version": "2.9.0",
      "resolved": "https://registry.npmjs.org/commander/-/commander-2.9.0.tgz",
      "integrity": "sha1-nJkJQXbhIkDLItbFFGCYQA/g99Q="
    },
    "emojic": {
      "version": "1.1.11",
      "resolved": "https://registry.npmjs.org/emojic/-/emojic-1.1.11.tgz",
      "integrity": "sha1-J+ub1FwGDCjfC4OSkuAU/YqKa/o="
    },
    "emojilib": {
      "version": "2.2.5",
      "resolved": "https://registry.npmjs.org/emojilib/-/emojilib-2.2.5.tgz",
      "integrity": "sha1-I5ofOVqOsXOORq/g3OtHN9RgYIE="
    },
    "graceful-readlink": {
      "version": "1.0.1",
      "resolved": "https://registry.npmjs.org/graceful-readlink/-/graceful-readlink-1.0.1.tgz",
      "integrity": "sha1-TK+tdrxi8C+gObL5Tpo906ORpyU="
    },
    "iterate-object": {
      "version": "1.3.2",
      "resolved": "https://registry.npmjs.org/iterate-object/-/iterate-object-1.3.2.tgz",
      "integrity": "sha1-JOwVr/pdADnog5aVohwsrh9Ftms="
    },
    "keypress": {
      "version": "0.2.1",
      "resolved": "https://registry.npmjs.org/keypress/-/keypress-0.2.1.tgz",
      "integrity": "sha1-HoBFQlABjbrUw/6USX1uZ7YmnHc="
    },
    "r-json": {
      "version": "1.2.7",
      "resolved": "https://registry.npmjs.org/r-json/-/r-json-1.2.7.tgz",
      "integrity": "sha1-q+OTXxByjasIlaeqEPhVzknLB0I="
    },
    "regex-escape": {
      "version": "3.4.6",
      "resolved": "https://registry.npmjs.org/regex-escape/-/regex-escape-3.4.6.tgz",
      "integrity": "sha1-Wjk6n8oqKT9gknYRui+RIgAqURs="
    },
    "uc-first-array": {
      "version": "1.1.6",
      "resolved": "https://registry.npmjs.org/uc-first-array/-/uc-first-array-1.1.6.tgz",
      "integrity": "sha1-yqcnEXWCbYSzUwHsFOjX4FAEkEg="
    },
    "ucfirst": {
      "version": "1.0.0",
      "resolved": "https://registry.npmjs.org/ucfirst/-/ucfirst-1.0.0.tgz",
      "integrity": "sha1-ThBbZEjQXiZOzsQ14LkZNjxfLy8="
    }
  }
}
