{
  "name": "ntbk",
  "version": "0.5.2",
  "lockfileVersion": 1,
  "requires": true,
  "dependencies": {
    "camelo": {
      "version": "1.1.11",
      "resolved": "https://registry.npmjs.org/camelo/-/camelo-1.1.11.tgz",
      "integrity": "sha512-kYyJyTKwCcKXtWMNqHogVBgQMRArxK0sLcPaMgDteo4vHr5vRytzBZt6n2T81RrQIU9FPi4MW8X+snzMDQqH0w==",
      "requires": {
        "regex-escape": "3.4.8",
        "uc-first-array": "1.1.8"
      }
    },
    "co": {
      "version": "4.6.0",
      "resolved": "https://registry.npmjs.org/co/-/co-4.6.0.tgz",
      "integrity": "sha1-bqa989hTrlTMuOR7+gvz+QMfsYQ="
    },
    "co-prompt": {
      "version": "1.0.0",
      "resolved": "https://registry.npmjs.org/co-prompt/-/co-prompt-1.0.0.tgz",
      "integrity": "sha1-+zcOntrEhXayenMv5dfyHZ/G5vY=",
      "requires": {
        "keypress": "0.2.1"
      }
    },
    "commander": {
      "version": "2.9.0",
      "resolved": "https://registry.npmjs.org/commander/-/commander-2.9.0.tgz",
      "integrity": "sha1-nJkJQXbhIkDLItbFFGCYQA/g99Q=",
      "requires": {
        "graceful-readlink": "1.0.1"
      }
    },
    "emojic": {
      "version": "1.1.14",
      "resolved": "https://registry.npmjs.org/emojic/-/emojic-1.1.14.tgz",
      "integrity": "sha512-n6yEaHU9GB6AfHTDAvV/263Ds+nIvboyiYYrAOuZox64RP6AlXPW1jbLsT3cBX+8hRVc7IV3P59ODPr2bC0OJA==",
      "requires": {
        "camelo": "1.1.11",
        "emojilib": "2.2.12",
        "iterate-object": "1.3.2",
        "r-json": "1.2.8"
      }
    },
    "emojilib": {
      "version": "2.2.12",
      "resolved": "https://registry.npmjs.org/emojilib/-/emojilib-2.2.12.tgz",
      "integrity": "sha512-mLNN5AY5Yl1BUeP+r9hFjWvyA1X+QWlS5iQzeVnQoZaklq3IIknm9FwP23QwD7Rg1H3dy35JYQHJyoKNFkxrvg=="
    },
    "graceful-readlink": {
      "version": "1.0.1",
      "resolved": "https://registry.npmjs.org/graceful-readlink/-/graceful-readlink-1.0.1.tgz",
      "integrity": "sha1-TK+tdrxi8C+gObL5Tpo906ORpyU="
    },
    "iterate-object": {
      "version": "1.3.2",
      "resolved": "https://registry.npmjs.org/iterate-object/-/iterate-object-1.3.2.tgz",
      "integrity": "sha1-JOwVr/pdADnog5aVohwsrh9Ftms="
    },
    "keypress": {
      "version": "0.2.1",
      "resolved": "https://registry.npmjs.org/keypress/-/keypress-0.2.1.tgz",
      "integrity": "sha1-HoBFQlABjbrUw/6USX1uZ7YmnHc="
    },
    "r-json": {
      "version": "1.2.8",
      "resolved": "https://registry.npmjs.org/r-json/-/r-json-1.2.8.tgz",
      "integrity": "sha1-dEBWDMHt8AudjZT6MLytfd6U6uI="
    },
    "regex-escape": {
      "version": "3.4.8",
      "resolved": "https://registry.npmjs.org/regex-escape/-/regex-escape-3.4.8.tgz",
      "integrity": "sha512-DG0VFPTDwfl+XsuVaM/0RmGJvCpZNB9UG/limzbev50XQ44G4mbOG+0Eh5M7Al9JB68NbP7YeY1KhDzpnX7qSw=="
    },
    "uc-first-array": {
      "version": "1.1.8",
      "resolved": "https://registry.npmjs.org/uc-first-array/-/uc-first-array-1.1.8.tgz",
      "integrity": "sha512-LTAnb8G/BxmXyBqiUxRhlbYt+IPCCpAOJJsC3xp5cwtXZKdtBfBxAMWRJlNzknM+Gpw3DRD2K3sQ64srroRf3w==",
      "requires": {
        "ucfirst": "1.0.0"
      }
    },
    "ucfirst": {
      "version": "1.0.0",
      "resolved": "https://registry.npmjs.org/ucfirst/-/ucfirst-1.0.0.tgz",
      "integrity": "sha1-ThBbZEjQXiZOzsQ14LkZNjxfLy8="
    }
  }
}
